
Microsoft Visual Studio Solution File, Format Version 12.00
# Visual Studio Version 16
VisualStudioVersion = 16.0.30621.155
MinimumVisualStudioVersion = 10.0.40219.1
Project("{2150E333-8FDC-42A3-9474-1A3956D46DE8}") = "ThirdParty", "ThirdParty", "{B8B5AD62-05CE-4043-92CE-F513B3AC238F}"
EndProject
Project("{2150E333-8FDC-42A3-9474-1A3956D46DE8}") = "CBC", "CBC", "{63188E62-0048-4286-9097-1C3C87B35FD6}"
EndProject
Project("{2150E333-8FDC-42A3-9474-1A3956D46DE8}") = "CGL", "CGL", "{4F5BF234-647E-4DCF-823C-B82F54E2A4A6}"
EndProject
Project("{2150E333-8FDC-42A3-9474-1A3956D46DE8}") = "CLP", "CLP", "{F6A1FBE0-B269-4FC7-8EB1-F6DB61350C15}"
EndProject
Project("{2150E333-8FDC-42A3-9474-1A3956D46DE8}") = "COINUTILS", "COINUTILS", "{3F0AA752-E307-4465-873C-045E6207531B}"
EndProject
Project("{2150E333-8FDC-42A3-9474-1A3956D46DE8}") = "OSI", "OSI", "{6F8BB4C0-C49D-4A1F-8C6F-85B1C9EAFAAF}"
EndProject
Project("{2150E333-8FDC-42A3-9474-1A3956D46DE8}") = "COIN", "COIN", "{6EA42ED3-5771-49B0-8569-F405D5B2D0B3}"
EndProject
Project("{2150E333-8FDC-42A3-9474-1A3956D46DE8}") = "libseq_beta_04.21.01", "libseq_beta_04.21.01", "{8F55B65A-8A57-4B8C-843A-86D0BF973ADA}"
EndProject
Project("{8BC9CEB8-8B4A-11D0-8D11-00A0C91BC942}") = "libSeq", "..\ThirdParty\libseq_beta_04.21.01\libseq.vcxproj", "{71381624-D5B5-47B1-B316-3C90A319FCEC}"
EndProject
Project("{2150E333-8FDC-42A3-9474-1A3956D46DE8}") = "lsZollen", "lsZollen", "{61D58094-DF70-4F0F-8EB0-C34E7D37513F}"
	ProjectSection(SolutionItems) = preProject
		..\ThirdParty\lsZollen\convert.h = ..\ThirdParty\lsZollen\convert.h
		..\ThirdParty\lsZollen\ls_zollen.h = ..\ThirdParty\lsZollen\ls_zollen.h
		..\ThirdParty\lsZollen\sparsematrix.h = ..\ThirdParty\lsZollen\sparsematrix.h
	EndProjectSection
EndProject
Project("{8BC9CEB8-8B4A-11D0-8D11-00A0C91BC942}") = "SPTWIN", "SPTWIN.vcxproj", "{5C3C71D3-E400-42B7-8C4F-3FFCACEFDE79}"
EndProject
Project("{8BC9CEB8-8B4A-11D0-8D11-00A0C91BC942}") = "libCbc", "..\ThirdParty\COIN\Cbc\MSVisualStudio\v16\libCbc\libCbc.vcxproj", "{0B054D74-6082-452F-9744-5FBE12C7D476}"
EndProject
Project("{8BC9CEB8-8B4A-11D0-8D11-00A0C91BC942}") = "libCbcSolver", "..\ThirdParty\COIN\Cbc\MSVisualStudio\v16\libCbcSolver\libCbcSolver.vcxproj", "{5A9043A5-CB87-4E2B-807C-74830BFFAE39}"
EndProject
Project("{8BC9CEB8-8B4A-11D0-8D11-00A0C91BC942}") = "libOsiCbc", "..\ThirdParty\COIN\Cbc\MSVisualStudio\v16\libOsiCbc\libOsiCbc.vcxproj", "{22911998-FEDD-44AC-902F-CFEFA060C36A}"
EndProject
Project("{8BC9CEB8-8B4A-11D0-8D11-00A0C91BC942}") = "libCgl", "..\ThirdParty\COIN\Cgl\MSVisualStudio\v16\libCgl\libCgl.vcxproj", "{1E645A44-00EF-4093-9F6A-1D082BD43BDB}"
EndProject
Project("{8BC9CEB8-8B4A-11D0-8D11-00A0C91BC942}") = "libCoinUtils", "..\ThirdParty\COIN\CoinUtils\MSVisualStudio\v16\libCoinUtils\libCoinUtils.vcxproj", "{6D2EF92A-D693-47E3-A325-A686E78C5FFD}"
EndProject
Project("{8BC9CEB8-8B4A-11D0-8D11-00A0C91BC942}") = "libOsi", "..\ThirdParty\COIN\Osi\MSVisualStudio\v16\libOsi\libOsi.vcxproj", "{BF5C7532-EE0A-479B-9993-72134087D530}"
EndProject
Project("{8BC9CEB8-8B4A-11D0-8D11-00A0C91BC942}") = "libClp", "..\ThirdParty\COIN\Clp\MSVisualStudio\v16\libClp\libClp.vcxproj", "{768B67D6-E6D3-4A8F-AA61-511FDBCE7937}"
EndProject
Project("{8BC9CEB8-8B4A-11D0-8D11-00A0C91BC942}") = "libOsiClp", "..\ThirdParty\COIN\Clp\MSVisualStudio\v16\libOsiClp\libOsiClp.vcxproj", "{79433425-EC16-410F-9B91-8D31D2109C90}"
EndProject
Global
	GlobalSection(SolutionConfigurationPlatforms) = preSolution
		Debug|x64 = Debug|x64
		Debug|x86 = Debug|x86
		Release|x64 = Release|x64
		Release|x86 = Release|x86
	EndGlobalSection
	GlobalSection(ProjectConfigurationPlatforms) = postSolution
		{71381624-D5B5-47B1-B316-3C90A319FCEC}.Debug|x64.ActiveCfg = Debug|x64
		{71381624-D5B5-47B1-B316-3C90A319FCEC}.Debug|x64.Build.0 = Debug|x64
		{71381624-D5B5-47B1-B316-3C90A319FCEC}.Debug|x86.ActiveCfg = Debug|x64
		{71381624-D5B5-47B1-B316-3C90A319FCEC}.Release|x64.ActiveCfg = Release|x64
		{71381624-D5B5-47B1-B316-3C90A319FCEC}.Release|x64.Build.0 = Release|x64
		{71381624-D5B5-47B1-B316-3C90A319FCEC}.Release|x86.ActiveCfg = Release|x64
		{5C3C71D3-E400-42B7-8C4F-3FFCACEFDE79}.Debug|x64.ActiveCfg = Debug|x64
		{5C3C71D3-E400-42B7-8C4F-3FFCACEFDE79}.Debug|x64.Build.0 = Debug|x64
		{5C3C71D3-E400-42B7-8C4F-3FFCACEFDE79}.Debug|x86.ActiveCfg = Debug|x64
		{5C3C71D3-E400-42B7-8C4F-3FFCACEFDE79}.Release|x64.ActiveCfg = Release|x64
		{5C3C71D3-E400-42B7-8C4F-3FFCACEFDE79}.Release|x64.Build.0 = Release|x64
		{5C3C71D3-E400-42B7-8C4F-3FFCACEFDE79}.Release|x86.ActiveCfg = Release|x64
		{0B054D74-6082-452F-9744-5FBE12C7D476}.Debug|x64.ActiveCfg = Debug|x64
		{0B054D74-6082-452F-9744-5FBE12C7D476}.Debug|x64.Build.0 = Debug|x64
		{0B054D74-6082-452F-9744-5FBE12C7D476}.Debug|x86.ActiveCfg = Debug|Win32
		{0B054D74-6082-452F-9744-5FBE12C7D476}.Debug|x86.Build.0 = Debug|Win32
		{0B054D74-6082-452F-9744-5FBE12C7D476}.Release|x64.ActiveCfg = Release|x64
		{0B054D74-6082-452F-9744-5FBE12C7D476}.Release|x64.Build.0 = Release|x64
		{0B054D74-6082-452F-9744-5FBE12C7D476}.Release|x86.ActiveCfg = Release|Win32
		{0B054D74-6082-452F-9744-5FBE12C7D476}.Release|x86.Build.0 = Release|Win32
		{5A9043A5-CB87-4E2B-807C-74830BFFAE39}.Debug|x64.ActiveCfg = Debug|x64
		{5A9043A5-CB87-4E2B-807C-74830BFFAE39}.Debug|x64.Build.0 = Debug|x64
		{5A9043A5-CB87-4E2B-807C-74830BFFAE39}.Debug|x86.ActiveCfg = Debug|Win32
		{5A9043A5-CB87-4E2B-807C-74830BFFAE39}.Debug|x86.Build.0 = Debug|Win32
		{5A9043A5-CB87-4E2B-807C-74830BFFAE39}.Release|x64.ActiveCfg = Release|x64
		{5A9043A5-CB87-4E2B-807C-74830BFFAE39}.Release|x64.Build.0 = Release|x64
		{5A9043A5-CB87-4E2B-807C-74830BFFAE39}.Release|x86.ActiveCfg = Release|Win32
		{5A9043A5-CB87-4E2B-807C-74830BFFAE39}.Release|x86.Build.0 = Release|Win32
		{22911998-FEDD-44AC-902F-CFEFA060C36A}.Debug|x64.ActiveCfg = Debug|x64
		{22911998-FEDD-44AC-902F-CFEFA060C36A}.Debug|x64.Build.0 = Debug|x64
		{22911998-FEDD-44AC-902F-CFEFA060C36A}.Debug|x86.ActiveCfg = Debug|Win32
		{22911998-FEDD-44AC-902F-CFEFA060C36A}.Debug|x86.Build.0 = Debug|Win32
		{22911998-FEDD-44AC-902F-CFEFA060C36A}.Release|x64.ActiveCfg = Release|x64
		{22911998-FEDD-44AC-902F-CFEFA060C36A}.Release|x64.Build.0 = Release|x64
		{22911998-FEDD-44AC-902F-CFEFA060C36A}.Release|x86.ActiveCfg = Release|Win32
		{22911998-FEDD-44AC-902F-CFEFA060C36A}.Release|x86.Build.0 = Release|Win32
		{1E645A44-00EF-4093-9F6A-1D082BD43BDB}.Debug|x64.ActiveCfg = Debug|x64
		{1E645A44-00EF-4093-9F6A-1D082BD43BDB}.Debug|x64.Build.0 = Debug|x64
		{1E645A44-00EF-4093-9F6A-1D082BD43BDB}.Debug|x86.ActiveCfg = Debug|Win32
		{1E645A44-00EF-4093-9F6A-1D082BD43BDB}.Debug|x86.Build.0 = Debug|Win32
		{1E645A44-00EF-4093-9F6A-1D082BD43BDB}.Release|x64.ActiveCfg = Release|x64
		{1E645A44-00EF-4093-9F6A-1D082BD43BDB}.Release|x64.Build.0 = Release|x64
		{1E645A44-00EF-4093-9F6A-1D082BD43BDB}.Release|x86.ActiveCfg = Release|Win32
		{1E645A44-00EF-4093-9F6A-1D082BD43BDB}.Release|x86.Build.0 = Release|Win32
		{6D2EF92A-D693-47E3-A325-A686E78C5FFD}.Debug|x64.ActiveCfg = Debug|x64
		{6D2EF92A-D693-47E3-A325-A686E78C5FFD}.Debug|x64.Build.0 = Debug|x64
		{6D2EF92A-D693-47E3-A325-A686E78C5FFD}.Debug|x86.ActiveCfg = Debug|Win32
		{6D2EF92A-D693-47E3-A325-A686E78C5FFD}.Debug|x86.Build.0 = Debug|Win32
		{6D2EF92A-D693-47E3-A325-A686E78C5FFD}.Release|x64.ActiveCfg = Release|x64
		{6D2EF92A-D693-47E3-A325-A686E78C5FFD}.Release|x64.Build.0 = Release|x64
		{6D2EF92A-D693-47E3-A325-A686E78C5FFD}.Release|x86.ActiveCfg = Release|Win32
		{6D2EF92A-D693-47E3-A325-A686E78C5FFD}.Release|x86.Build.0 = Release|Win32
		{BF5C7532-EE0A-479B-9993-72134087D530}.Debug|x64.ActiveCfg = Debug|x64
		{BF5C7532-EE0A-479B-9993-72134087D530}.Debug|x64.Build.0 = Debug|x64
		{BF5C7532-EE0A-479B-9993-72134087D530}.Debug|x86.ActiveCfg = Debug|Win32
		{BF5C7532-EE0A-479B-9993-72134087D530}.Debug|x86.Build.0 = Debug|Win32
		{BF5C7532-EE0A-479B-9993-72134087D530}.Release|x64.ActiveCfg = Release|x64
		{BF5C7532-EE0A-479B-9993-72134087D530}.Release|x64.Build.0 = Release|x64
		{BF5C7532-EE0A-479B-9993-72134087D530}.Release|x86.ActiveCfg = Release|Win32
		{BF5C7532-EE0A-479B-9993-72134087D530}.Release|x86.Build.0 = Release|Win32
		{768B67D6-E6D3-4A8F-AA61-511FDBCE7937}.Debug|x64.ActiveCfg = Debug|x64
		{768B67D6-E6D3-4A8F-AA61-511FDBCE7937}.Debug|x64.Build.0 = Debug|x64
		{768B67D6-E6D3-4A8F-AA61-511FDBCE7937}.Debug|x86.ActiveCfg = Debug|Win32
		{768B67D6-E6D3-4A8F-AA61-511FDBCE7937}.Debug|x86.Build.0 = Debug|Win32
		{768B67D6-E6D3-4A8F-AA61-511FDBCE7937}.Release|x64.ActiveCfg = Release|x64
		{768B67D6-E6D3-4A8F-AA61-511FDBCE7937}.Release|x64.Build.0 = Release|x64
		{768B67D6-E6D3-4A8F-AA61-511FDBCE7937}.Release|x86.ActiveCfg = Release|Win32
		{768B67D6-E6D3-4A8F-AA61-511FDBCE7937}.Release|x86.Build.0 = Release|Win32
		{79433425-EC16-410F-9B91-8D31D2109C90}.Debug|x64.ActiveCfg = Debug|x64
		{79433425-EC16-410F-9B91-8D31D2109C90}.Debug|x64.Build.0 = Debug|x64
		{79433425-EC16-410F-9B91-8D31D2109C90}.Debug|x86.ActiveCfg = Debug|Win32
		{79433425-EC16-410F-9B91-8D31D2109C90}.Debug|x86.Build.0 = Debug|Win32
		{79433425-EC16-410F-9B91-8D31D2109C90}.Release|x64.ActiveCfg = Release|x64
		{79433425-EC16-410F-9B91-8D31D2109C90}.Release|x64.Build.0 = Release|x64
		{79433425-EC16-410F-9B91-8D31D2109C90}.Release|x86.ActiveCfg = Release|Win32
		{79433425-EC16-410F-9B91-8D31D2109C90}.Release|x86.Build.0 = Release|Win32
	EndGlobalSection
	GlobalSection(SolutionProperties) = preSolution
		HideSolutionNode = FALSE
	EndGlobalSection
	GlobalSection(NestedProjects) = preSolution
		{63188E62-0048-4286-9097-1C3C87B35FD6} = {6EA42ED3-5771-49B0-8569-F405D5B2D0B3}
		{4F5BF234-647E-4DCF-823C-B82F54E2A4A6} = {6EA42ED3-5771-49B0-8569-F405D5B2D0B3}
		{F6A1FBE0-B269-4FC7-8EB1-F6DB61350C15} = {6EA42ED3-5771-49B0-8569-F405D5B2D0B3}
		{3F0AA752-E307-4465-873C-045E6207531B} = {6EA42ED3-5771-49B0-8569-F405D5B2D0B3}
		{6F8BB4C0-C49D-4A1F-8C6F-85B1C9EAFAAF} = {6EA42ED3-5771-49B0-8569-F405D5B2D0B3}
		{6EA42ED3-5771-49B0-8569-F405D5B2D0B3} = {B8B5AD62-05CE-4043-92CE-F513B3AC238F}
		{8F55B65A-8A57-4B8C-843A-86D0BF973ADA} = {B8B5AD62-05CE-4043-92CE-F513B3AC238F}
		{71381624-D5B5-47B1-B316-3C90A319FCEC} = {8F55B65A-8A57-4B8C-843A-86D0BF973ADA}
		{61D58094-DF70-4F0F-8EB0-C34E7D37513F} = {B8B5AD62-05CE-4043-92CE-F513B3AC238F}
		{0B054D74-6082-452F-9744-5FBE12C7D476} = {63188E62-0048-4286-9097-1C3C87B35FD6}
		{5A9043A5-CB87-4E2B-807C-74830BFFAE39} = {63188E62-0048-4286-9097-1C3C87B35FD6}
		{22911998-FEDD-44AC-902F-CFEFA060C36A} = {63188E62-0048-4286-9097-1C3C87B35FD6}
		{1E645A44-00EF-4093-9F6A-1D082BD43BDB} = {4F5BF234-647E-4DCF-823C-B82F54E2A4A6}
		{6D2EF92A-D693-47E3-A325-A686E78C5FFD} = {3F0AA752-E307-4465-873C-045E6207531B}
		{BF5C7532-EE0A-479B-9993-72134087D530} = {6F8BB4C0-C49D-4A1F-8C6F-85B1C9EAFAAF}
		{768B67D6-E6D3-4A8F-AA61-511FDBCE7937} = {F6A1FBE0-B269-4FC7-8EB1-F6DB61350C15}
		{79433425-EC16-410F-9B91-8D31D2109C90} = {F6A1FBE0-B269-4FC7-8EB1-F6DB61350C15}
	EndGlobalSection
	GlobalSection(ExtensibilityGlobals) = postSolution
		SolutionGuid = {CC06A749-67A8-40DA-96F4-83CE49982D3B}
	EndGlobalSection
EndGlobal
